// !$*UTF8*$!
{
	archiveVersion = 1;
	classes = {
	};
	objectVersion = 48;
	objects = {

/* Begin PBXBuildFile section */
		82E9A8DD9797EBAEC567BE89 /* Pods_ChristmasPhotoBooth.framework in Frameworks */ = {isa = PBXBuildFile; fileRef = 777973470B5EEA884D755884 /* Pods_ChristmasPhotoBooth.framework */; };
		84143FF61FE16DCD00C25A1B /* AppDelegate.swift in Sources */ = {isa = PBXBuildFile; fileRef = 84143FF51FE16DCD00C25A1B /* AppDelegate.swift */; };
		84143FF81FE16DCD00C25A1B /* ViewController.swift in Sources */ = {isa = PBXBuildFile; fileRef = 84143FF71FE16DCD00C25A1B /* ViewController.swift */; };
		84143FFB1FE16DCD00C25A1B /* Main.storyboard in Resources */ = {isa = PBXBuildFile; fileRef = 84143FF91FE16DCD00C25A1B /* Main.storyboard */; };
		84143FFD1FE16DCD00C25A1B /* Assets.xcassets in Resources */ = {isa = PBXBuildFile; fileRef = 84143FFC1FE16DCD00C25A1B /* Assets.xcassets */; };
		841440001FE16DCD00C25A1B /* LaunchScreen.storyboard in Resources */ = {isa = PBXBuildFile; fileRef = 84143FFE1FE16DCD00C25A1B /* LaunchScreen.storyboard */; };
		841440081FE1812600C25A1B /* PreviewViewController.swift in Sources */ = {isa = PBXBuildFile; fileRef = 841440071FE1812600C25A1B /* PreviewViewController.swift */; };
		8414400A1FE1848D00C25A1B /* CameraController.swift in Sources */ = {isa = PBXBuildFile; fileRef = 841440091FE1848D00C25A1B /* CameraController.swift */; };
		8414F3CB1FE1949F001877B2 /* PrinterManager.swift in Sources */ = {isa = PBXBuildFile; fileRef = 8414F3CA1FE1949F001877B2 /* PrinterManager.swift */; };
		8414F3CD1FE198B7001877B2 /* Label+Extension.swift in Sources */ = {isa = PBXBuildFile; fileRef = 8414F3CC1FE198B7001877B2 /* Label+Extension.swift */; };
		8453BB2920373C1E00F53AEC /* PictureTicket.plist in Resources */ = {isa = PBXBuildFile; fileRef = 8453BB2820373C1E00F53AEC /* PictureTicket.plist */; };
/* End PBXBuildFile section */

/* Begin PBXFileReference section */
		671F1B274D241471F482FA68 /* Pods-ChristmasPhotoBooth.release.xcconfig */ = {isa = PBXFileReference; includeInIndex = 1; lastKnownFileType = text.xcconfig; name = "Pods-ChristmasPhotoBooth.release.xcconfig"; path = "Pods/Target Support Files/Pods-ChristmasPhotoBooth/Pods-ChristmasPhotoBooth.release.xcconfig"; sourceTree = "<group>"; };
		777973470B5EEA884D755884 /* Pods_ChristmasPhotoBooth.framework */ = {isa = PBXFileReference; explicitFileType = wrapper.framework; includeInIndex = 0; path = Pods_ChristmasPhotoBooth.framework; sourceTree = BUILT_PRODUCTS_DIR; };
		84143FF21FE16DCD00C25A1B /* ChristmasPhotoBooth.app */ = {isa = PBXFileReference; explicitFileType = wrapper.application; includeInIndex = 0; path = ChristmasPhotoBooth.app; sourceTree = BUILT_PRODUCTS_DIR; };
		84143FF51FE16DCD00C25A1B /* AppDelegate.swift */ = {isa = PBXFileReference; lastKnownFileType = sourcecode.swift; path = AppDelegate.swift; sourceTree = "<group>"; };
		84143FF71FE16DCD00C25A1B /* ViewController.swift */ = {isa = PBXFileReference; lastKnownFileType = sourcecode.swift; path = ViewController.swift; sourceTree = "<group>"; };
		84143FFA1FE16DCD00C25A1B /* Base */ = {isa = PBXFileReference; lastKnownFileType = file.storyboard; name = Base; path = Base.lproj/Main.storyboard; sourceTree = "<group>"; };
		84143FFC1FE16DCD00C25A1B /* Assets.xcassets */ = {isa = PBXFileReference; lastKnownFileType = folder.assetcatalog; path = Assets.xcassets; sourceTree = "<group>"; };
		84143FFF1FE16DCD00C25A1B /* Base */ = {isa = PBXFileReference; lastKnownFileType = file.storyboard; name = Base; path = Base.lproj/LaunchScreen.storyboard; sourceTree = "<group>"; };
		841440011FE16DCD00C25A1B /* Info.plist */ = {isa = PBXFileReference; lastKnownFileType = text.plist.xml; path = Info.plist; sourceTree = "<group>"; };
		841440071FE1812600C25A1B /* PreviewViewController.swift */ = {isa = PBXFileReference; lastKnownFileType = sourcecode.swift; path = PreviewViewController.swift; sourceTree = "<group>"; };
		841440091FE1848D00C25A1B /* CameraController.swift */ = {isa = PBXFileReference; fileEncoding = 4; lastKnownFileType = sourcecode.swift; path = CameraController.swift; sourceTree = "<group>"; };
		8414F3CA1FE1949F001877B2 /* PrinterManager.swift */ = {isa = PBXFileReference; lastKnownFileType = sourcecode.swift; path = PrinterManager.swift; sourceTree = "<group>"; };
		8414F3CC1FE198B7001877B2 /* Label+Extension.swift */ = {isa = PBXFileReference; lastKnownFileType = sourcecode.swift; path = "Label+Extension.swift"; sourceTree = "<group>"; };
		8453BB2820373C1E00F53AEC /* PictureTicket.plist */ = {isa = PBXFileReference; lastKnownFileType = text.plist.xml; path = PictureTicket.plist; sourceTree = "<group>"; };
		877B2937218DDCFD1BB807A8 /* Pods-ChristmasPhotoBooth.debug.xcconfig */ = {isa = PBXFileReference; includeInIndex = 1; lastKnownFileType = text.xcconfig; name = "Pods-ChristmasPhotoBooth.debug.xcconfig"; path = "Pods/Target Support Files/Pods-ChristmasPhotoBooth/Pods-ChristmasPhotoBooth.debug.xcconfig"; sourceTree = "<group>"; };
/* End PBXFileReference section */

/* Begin PBXFrameworksBuildPhase section */
		84143FEF1FE16DCD00C25A1B /* Frameworks */ = {
			isa = PBXFrameworksBuildPhase;
			buildActionMask = 2147483647;
			files = (
				82E9A8DD9797EBAEC567BE89 /* Pods_ChristmasPhotoBooth.framework in Frameworks */,
			);
			runOnlyForDeploymentPostprocessing = 0;
		};
/* End PBXFrameworksBuildPhase section */

/* Begin PBXGroup section */
		379D8A8AF68532049F41E7DE /* Pods */ = {
			isa = PBXGroup;
			children = (
				877B2937218DDCFD1BB807A8 /* Pods-ChristmasPhotoBooth.debug.xcconfig */,
				671F1B274D241471F482FA68 /* Pods-ChristmasPhotoBooth.release.xcconfig */,
			);
			name = Pods;
			sourceTree = "<group>";
		};
		3FFE434CF86E6BD11800561A /* Frameworks */ = {
			isa = PBXGroup;
			children = (
				777973470B5EEA884D755884 /* Pods_ChristmasPhotoBooth.framework */,
			);
			name = Frameworks;
			sourceTree = "<group>";
		};
		84143FE91FE16DCD00C25A1B = {
			isa = PBXGroup;
			children = (
				84143FF41FE16DCD00C25A1B /* ChristmasPhotoBooth */,
				84143FF31FE16DCD00C25A1B /* Products */,
				379D8A8AF68532049F41E7DE /* Pods */,
				3FFE434CF86E6BD11800561A /* Frameworks */,
			);
			sourceTree = "<group>";
		};
		84143FF31FE16DCD00C25A1B /* Products */ = {
			isa = PBXGroup;
			children = (
				84143FF21FE16DCD00C25A1B /* ChristmasPhotoBooth.app */,
			);
			name = Products;
			sourceTree = "<group>";
		};
		84143FF41FE16DCD00C25A1B /* ChristmasPhotoBooth */ = {
			isa = PBXGroup;
			children = (
				84143FF51FE16DCD00C25A1B /* AppDelegate.swift */,
				84143FF71FE16DCD00C25A1B /* ViewController.swift */,
				84143FF91FE16DCD00C25A1B /* Main.storyboard */,
				84143FFC1FE16DCD00C25A1B /* Assets.xcassets */,
				84143FFE1FE16DCD00C25A1B /* LaunchScreen.storyboard */,
				841440011FE16DCD00C25A1B /* Info.plist */,
				841440091FE1848D00C25A1B /* CameraController.swift */,
				841440071FE1812600C25A1B /* PreviewViewController.swift */,
				8414F3CA1FE1949F001877B2 /* PrinterManager.swift */,
				8414F3CC1FE198B7001877B2 /* Label+Extension.swift */,
				8453BB2820373C1E00F53AEC /* PictureTicket.plist */,
			);
			path = ChristmasPhotoBooth;
			sourceTree = "<group>";
		};
/* End PBXGroup section */

/* Begin PBXNativeTarget section */
		84143FF11FE16DCD00C25A1B /* ChristmasPhotoBooth */ = {
			isa = PBXNativeTarget;
			buildConfigurationList = 841440041FE16DCD00C25A1B /* Build configuration list for PBXNativeTarget "ChristmasPhotoBooth" */;
			buildPhases = (
				0A8794F4F3B7FBF2C1901C94 /* [CP] Check Pods Manifest.lock */,
				84143FEE1FE16DCD00C25A1B /* Sources */,
				84143FEF1FE16DCD00C25A1B /* Frameworks */,
				84143FF01FE16DCD00C25A1B /* Resources */,
				0989E1BE8DA9D514CA4AA5FF /* [CP] Embed Pods Frameworks */,
				5643ECE1CC4C4021748599C2 /* [CP] Copy Pods Resources */,
			);
			buildRules = (
			);
			dependencies = (
			);
			name = ChristmasPhotoBooth;
			productName = ChristmasPhotoBooth;
			productReference = 84143FF21FE16DCD00C25A1B /* ChristmasPhotoBooth.app */;
			productType = "com.apple.product-type.application";
		};
/* End PBXNativeTarget section */

/* Begin PBXProject section */
		84143FEA1FE16DCD00C25A1B /* Project object */ = {
			isa = PBXProject;
			attributes = {
				LastSwiftUpdateCheck = 0920;
				LastUpgradeCheck = 0920;
				ORGANIZATIONNAME = TillerSystems;
				TargetAttributes = {
					84143FF11FE16DCD00C25A1B = {
						CreatedOnToolsVersion = 9.2;
						ProvisioningStyle = Automatic;
					};
				};
			};
			buildConfigurationList = 84143FED1FE16DCD00C25A1B /* Build configuration list for PBXProject "ChristmasPhotoBooth" */;
			compatibilityVersion = "Xcode 8.0";
			developmentRegion = en;
			hasScannedForEncodings = 0;
			knownRegions = (
				en,
				Base,
			);
			mainGroup = 84143FE91FE16DCD00C25A1B;
			productRefGroup = 84143FF31FE16DCD00C25A1B /* Products */;
			projectDirPath = "";
			projectRoot = "";
			targets = (
				84143FF11FE16DCD00C25A1B /* ChristmasPhotoBooth */,
			);
		};
/* End PBXProject section */

/* Begin PBXResourcesBuildPhase section */
		84143FF01FE16DCD00C25A1B /* Resources */ = {
			isa = PBXResourcesBuildPhase;
			buildActionMask = 2147483647;
			files = (
				841440001FE16DCD00C25A1B /* LaunchScreen.storyboard in Resources */,
				84143FFD1FE16DCD00C25A1B /* Assets.xcassets in Resources */,
				84143FFB1FE16DCD00C25A1B /* Main.storyboard in Resources */,
				8453BB2920373C1E00F53AEC /* PictureTicket.plist in Resources */,
			);
			runOnlyForDeploymentPostprocessing = 0;
		};
/* End PBXResourcesBuildPhase section */

/* Begin PBXShellScriptBuildPhase section */
		0989E1BE8DA9D514CA4AA5FF /* [CP] Embed Pods Frameworks */ = {
			isa = PBXShellScriptBuildPhase;
			buildActionMask = 2147483647;
			files = (
			);
			inputPaths = (
				"${SRCROOT}/Pods/Target Support Files/Pods-ChristmasPhotoBooth/Pods-ChristmasPhotoBooth-frameworks.sh",
				"${BUILT_PRODUCTS_DIR}/TillerPrinter/TillerPrinter.framework",
			);
			name = "[CP] Embed Pods Frameworks";
			outputPaths = (
				"${TARGET_BUILD_DIR}/${FRAMEWORKS_FOLDER_PATH}/TillerPrinter.framework",
			);
			runOnlyForDeploymentPostprocessing = 0;
			shellPath = /bin/sh;
			shellScript = "\"${SRCROOT}/Pods/Target Support Files/Pods-ChristmasPhotoBooth/Pods-ChristmasPhotoBooth-frameworks.sh\"\n";
			showEnvVarsInLog = 0;
		};
		0A8794F4F3B7FBF2C1901C94 /* [CP] Check Pods Manifest.lock */ = {
			isa = PBXShellScriptBuildPhase;
			buildActionMask = 2147483647;
			files = (
			);
			inputPaths = (
				"${PODS_PODFILE_DIR_PATH}/Podfile.lock",
				"${PODS_ROOT}/Manifest.lock",
			);
			name = "[CP] Check Pods Manifest.lock";
			outputPaths = (
				"$(DERIVED_FILE_DIR)/Pods-ChristmasPhotoBooth-checkManifestLockResult.txt",
			);
			runOnlyForDeploymentPostprocessing = 0;
			shellPath = /bin/sh;
			shellScript = "diff \"${PODS_PODFILE_DIR_PATH}/Podfile.lock\" \"${PODS_ROOT}/Manifest.lock\" > /dev/null\nif [ $? != 0 ] ; then\n    # print error to STDERR\n    echo \"error: The sandbox is not in sync with the Podfile.lock. Run 'pod install' or update your CocoaPods installation.\" >&2\n    exit 1\nfi\n# This output is used by Xcode 'outputs' to avoid re-running this script phase.\necho \"SUCCESS\" > \"${SCRIPT_OUTPUT_FILE_0}\"\n";
			showEnvVarsInLog = 0;
		};
		5643ECE1CC4C4021748599C2 /* [CP] Copy Pods Resources */ = {
			isa = PBXShellScriptBuildPhase;
			buildActionMask = 2147483647;
			files = (
			);
			inputPaths = (
			);
			name = "[CP] Copy Pods Resources";
			outputPaths = (
			);
			runOnlyForDeploymentPostprocessing = 0;
			shellPath = /bin/sh;
			shellScript = "\"${SRCROOT}/Pods/Target Support Files/Pods-ChristmasPhotoBooth/Pods-ChristmasPhotoBooth-resources.sh\"\n";
			showEnvVarsInLog = 0;
		};
/* End PBXShellScriptBuildPhase section */

/* Begin PBXSourcesBuildPhase section */
		84143FEE1FE16DCD00C25A1B /* Sources */ = {
			isa = PBXSourcesBuildPhase;
			buildActionMask = 2147483647;
			files = (
				8414F3CB1FE1949F001877B2 /* PrinterManager.swift in Sources */,
				84143FF81FE16DCD00C25A1B /* ViewController.swift in Sources */,
				84143FF61FE16DCD00C25A1B /* AppDelegate.swift in Sources */,
				8414400A1FE1848D00C25A1B /* CameraController.swift in Sources */,
				8414F3CD1FE198B7001877B2 /* Label+Extension.swift in Sources */,
				841440081FE1812600C25A1B /* PreviewViewController.swift in Sources */,
			);
			runOnlyForDeploymentPostprocessing = 0;
		};
/* End PBXSourcesBuildPhase section */

/* Begin PBXVariantGroup section */
		84143FF91FE16DCD00C25A1B /* Main.storyboard */ = {
			isa = PBXVariantGroup;
			children = (
				84143FFA1FE16DCD00C25A1B /* Base */,
			);
			name = Main.storyboard;
			sourceTree = "<group>";
		};
		84143FFE1FE16DCD00C25A1B /* LaunchScreen.storyboard */ = {
			isa = PBXVariantGroup;
			children = (
				84143FFF1FE16DCD00C25A1B /* Base */,
			);
			name = LaunchScreen.storyboard;
			sourceTree = "<group>";
		};
/* End PBXVariantGroup section */

/* Begin XCBuildConfiguration section */
		841440021FE16DCD00C25A1B /* Debug */ = {
			isa = XCBuildConfiguration;
			buildSettings = {
				ALWAYS_SEARCH_USER_PATHS = NO;
				CLANG_ANALYZER_NONNULL = YES;
				CLANG_ANALYZER_NUMBER_OBJECT_CONVERSION = YES_AGGRESSIVE;
				CLANG_CXX_LANGUAGE_STANDARD = "gnu++14";
				CLANG_CXX_LIBRARY = "libc++";
				CLANG_ENABLE_MODULES = YES;
				CLANG_ENABLE_OBJC_ARC = YES;
				CLANG_WARN_BLOCK_CAPTURE_AUTORELEASING = YES;
				CLANG_WARN_BOOL_CONVERSION = YES;
				CLANG_WARN_COMMA = YES;
				CLANG_WARN_CONSTANT_CONVERSION = YES;
				CLANG_WARN_DIRECT_OBJC_ISA_USAGE = YES_ERROR;
				CLANG_WARN_DOCUMENTATION_COMMENTS = YES;
				CLANG_WARN_EMPTY_BODY = YES;
				CLANG_WARN_ENUM_CONVERSION = YES;
				CLANG_WARN_INFINITE_RECURSION = YES;
				CLANG_WARN_INT_CONVERSION = YES;
				CLANG_WARN_NON_LITERAL_NULL_CONVERSION = YES;
				CLANG_WARN_OBJC_LITERAL_CONVERSION = YES;
				CLANG_WARN_OBJC_ROOT_CLASS = YES_ERROR;
				CLANG_WARN_RANGE_LOOP_ANALYSIS = YES;
				CLANG_WARN_STRICT_PROTOTYPES = YES;
				CLANG_WARN_SUSPICIOUS_MOVE = YES;
				CLANG_WARN_UNGUARDED_AVAILABILITY = YES_AGGRESSIVE;
				CLANG_WARN_UNREACHABLE_CODE = YES;
				CLANG_WARN__DUPLICATE_METHOD_MATCH = YES;
				CODE_SIGN_IDENTITY = "iPhone Developer";
				COPY_PHASE_STRIP = NO;
				DEBUG_INFORMATION_FORMAT = dwarf;
				ENABLE_STRICT_OBJC_MSGSEND = YES;
				ENABLE_TESTABILITY = YES;
				GCC_C_LANGUAGE_STANDARD = gnu11;
				GCC_DYNAMIC_NO_PIC = NO;
				GCC_NO_COMMON_BLOCKS = YES;
				GCC_OPTIMIZATION_LEVEL = 0;
				GCC_PREPROCESSOR_DEFINITIONS = (
					"DEBUG=1",
					"$(inherited)",
				);
				GCC_WARN_64_TO_32_BIT_CONVERSION = YES;
				GCC_WARN_ABOUT_RETURN_TYPE = YES_ERROR;
				GCC_WARN_UNDECLARED_SELECTOR = YES;
				GCC_WARN_UNINITIALIZED_AUTOS = YES_AGGRESSIVE;
				GCC_WARN_UNUSED_FUNCTION = YES;
				GCC_WARN_UNUSED_VARIABLE = YES;
				IPHONEOS_DEPLOYMENT_TARGET = 10.3;
				MTL_ENABLE_DEBUG_INFO = YES;
				ONLY_ACTIVE_ARCH = YES;
				SDKROOT = iphoneos;
				SWIFT_ACTIVE_COMPILATION_CONDITIONS = DEBUG;
				SWIFT_OPTIMIZATION_LEVEL = "-Onone";
			};
			name = Debug;
		};
		841440031FE16DCD00C25A1B /* Release */ = {
			isa = XCBuildConfiguration;
			buildSettings = {
				ALWAYS_SEARCH_USER_PATHS = NO;
				CLANG_ANALYZER_NONNULL = YES;
				CLANG_ANALYZER_NUMBER_OBJECT_CONVERSION = YES_AGGRESSIVE;
				CLANG_CXX_LANGUAGE_STANDARD = "gnu++14";
				CLANG_CXX_LIBRARY = "libc++";
				CLANG_ENABLE_MODULES = YES;
				CLANG_ENABLE_OBJC_ARC = YES;
				CLANG_WARN_BLOCK_CAPTURE_AUTORELEASING = YES;
				CLANG_WARN_BOOL_CONVERSION = YES;
				CLANG_WARN_COMMA = YES;
				CLANG_WARN_CONSTANT_CONVERSION = YES;
				CLANG_WARN_DIRECT_OBJC_ISA_USAGE = YES_ERROR;
				CLANG_WARN_DOCUMENTATION_COMMENTS = YES;
				CLANG_WARN_EMPTY_BODY = YES;
				CLANG_WARN_ENUM_CONVERSION = YES;
				CLANG_WARN_INFINITE_RECURSION = YES;
				CLANG_WARN_INT_CONVERSION = YES;
				CLANG_WARN_NON_LITERAL_NULL_CONVERSION = YES;
				CLANG_WARN_OBJC_LITERAL_CONVERSION = YES;
				CLANG_WARN_OBJC_ROOT_CLASS = YES_ERROR;
				CLANG_WARN_RANGE_LOOP_ANALYSIS = YES;
				CLANG_WARN_STRICT_PROTOTYPES = YES;
				CLANG_WARN_SUSPICIOUS_MOVE = YES;
				CLANG_WARN_UNGUARDED_AVAILABILITY = YES_AGGRESSIVE;
				CLANG_WARN_UNREACHABLE_CODE = YES;
				CLANG_WARN__DUPLICATE_METHOD_MATCH = YES;
				CODE_SIGN_IDENTITY = "iPhone Developer";
				COPY_PHASE_STRIP = NO;
				DEBUG_INFORMATION_FORMAT = "dwarf-with-dsym";
				ENABLE_NS_ASSERTIONS = NO;
				ENABLE_STRICT_OBJC_MSGSEND = YES;
				GCC_C_LANGUAGE_STANDARD = gnu11;
				GCC_NO_COMMON_BLOCKS = YES;
				GCC_WARN_64_TO_32_BIT_CONVERSION = YES;
				GCC_WARN_ABOUT_RETURN_TYPE = YES_ERROR;
				GCC_WARN_UNDECLARED_SELECTOR = YES;
				GCC_WARN_UNINITIALIZED_AUTOS = YES_AGGRESSIVE;
				GCC_WARN_UNUSED_FUNCTION = YES;
				GCC_WARN_UNUSED_VARIABLE = YES;
				IPHONEOS_DEPLOYMENT_TARGET = 10.3;
				MTL_ENABLE_DEBUG_INFO = NO;
				SDKROOT = iphoneos;
				SWIFT_OPTIMIZATION_LEVEL = "-Owholemodule";
				VALIDATE_PRODUCT = YES;
			};
			name = Release;
		};
		841440051FE16DCD00C25A1B /* Debug */ = {
			isa = XCBuildConfiguration;
			baseConfigurationReference = 877B2937218DDCFD1BB807A8 /* Pods-ChristmasPhotoBooth.debug.xcconfig */;
			buildSettings = {
				ASSETCATALOG_COMPILER_APPICON_NAME = AppIcon;
				CODE_SIGN_STYLE = Automatic;
				DEVELOPMENT_TEAM = XLBCZKVWTJ;
				INFOPLIST_FILE = ChristmasPhotoBooth/Info.plist;
				LD_RUNPATH_SEARCH_PATHS = "$(inherited) @executable_path/Frameworks";
				PRODUCT_BUNDLE_IDENTIFIER = com.tiller.ChristmasPhotoBooth;
				PRODUCT_NAME = "$(TARGET_NAME)";
				SWIFT_VERSION = 4.0;
				TARGETED_DEVICE_FAMILY = 2;
			};
			name = Debug;
		};
		841440061FE16DCD00C25A1B /* Release */ = {
			isa = XCBuildConfiguration;
			baseConfigurationReference = 671F1B274D241471F482FA68 /* Pods-ChristmasPhotoBooth.release.xcconfig */;
			buildSettings = {
				ASSETCATALOG_COMPILER_APPICON_NAME = AppIcon;
				CODE_SIGN_STYLE = Automatic;
				DEVELOPMENT_TEAM = XLBCZKVWTJ;
				INFOPLIST_FILE = ChristmasPhotoBooth/Info.plist;
				LD_RUNPATH_SEARCH_PATHS = "$(inherited) @executable_path/Frameworks";
				PRODUCT_BUNDLE_IDENTIFIER = com.tiller.ChristmasPhotoBooth;
				PRODUCT_NAME = "$(TARGET_NAME)";
				SWIFT_VERSION = 4.0;
				TARGETED_DEVICE_FAMILY = 2;
			};
			name = Release;
		};
/* End XCBuildConfiguration section */

/* Begin XCConfigurationList section */
		84143FED1FE16DCD00C25A1B /* Build configuration list for PBXProject "ChristmasPhotoBooth" */ = {
			isa = XCConfigurationList;
			buildConfigurations = (
				841440021FE16DCD00C25A1B /* Debug */,
				841440031FE16DCD00C25A1B /* Release */,
			);
			defaultConfigurationIsVisible = 0;
			defaultConfigurationName = Release;
		};
		841440041FE16DCD00C25A1B /* Build configuration list for PBXNativeTarget "ChristmasPhotoBooth" */ = {
			isa = XCConfigurationList;
			buildConfigurations = (
				841440051FE16DCD00C25A1B /* Debug */,
				841440061FE16DCD00C25A1B /* Release */,
			);
			defaultConfigurationIsVisible = 0;
			defaultConfigurationName = Release;
		};
/* End XCConfigurationList section */
	};
	rootObject = 84143FEA1FE16DCD00C25A1B /* Project object */;
}
