// !$*UTF8*$!
{
	archiveVersion = 1;
	classes = {
	};
	objectVersion = 48;
	objects = {

/* Begin PBXBuildFile section */
		84143FF61FE16DCD00C25A1B /* AppDelegate.swift in Sources */ = {isa = PBXBuildFile; fileRef = 84143FF51FE16DCD00C25A1B /* AppDelegate.swift */; };
		84143FF81FE16DCD00C25A1B /* ViewController.swift in Sources */ = {isa = PBXBuildFile; fileRef = 84143FF71FE16DCD00C25A1B /* ViewController.swift */; };
		84143FFB1FE16DCD00C25A1B /* Main.storyboard in Resources */ = {isa = PBXBuildFile; fileRef = 84143FF91FE16DCD00C25A1B /* Main.storyboard */; };
		84143FFD1FE16DCD00C25A1B /* Assets.xcassets in Resources */ = {isa = PBXBuildFile; fileRef = 84143FFC1FE16DCD00C25A1B /* Assets.xcassets */; };
		841440001FE16DCD00C25A1B /* LaunchScreen.storyboard in Resources */ = {isa = PBXBuildFile; fileRef = 84143FFE1FE16DCD00C25A1B /* LaunchScreen.storyboard */; };
/* End PBXBuildFile section */

/* Begin PBXFileReference section */
		84143FF21FE16DCD00C25A1B /* ChristmasPhotoBooth.app */ = {isa = PBXFileReference; explicitFileType = wrapper.application; includeInIndex = 0; path = ChristmasPhotoBooth.app; sourceTree = BUILT_PRODUCTS_DIR; };
		84143FF51FE16DCD00C25A1B /* AppDelegate.swift */ = {isa = PBXFileReference; lastKnownFileType = sourcecode.swift; path = AppDelegate.swift; sourceTree = "<group>"; };
		84143FF71FE16DCD00C25A1B /* ViewController.swift */ = {isa = PBXFileReference; lastKnownFileType = sourcecode.swift; path = ViewController.swift; sourceTree = "<group>"; };
		84143FFA1FE16DCD00C25A1B /* Base */ = {isa = PBXFileReference; lastKnownFileType = file.storyboard; name = Base; path = Base.lproj/Main.storyboard; sourceTree = "<group>"; };
		84143FFC1FE16DCD00C25A1B /* Assets.xcassets */ = {isa = PBXFileReference; lastKnownFileType = folder.assetcatalog; path = Assets.xcassets; sourceTree = "<group>"; };
		84143FFF1FE16DCD00C25A1B /* Base */ = {isa = PBXFileReference; lastKnownFileType = file.storyboard; name = Base; path = Base.lproj/LaunchScreen.storyboard; sourceTree = "<group>"; };
		841440011FE16DCD00C25A1B /* Info.plist */ = {isa = PBXFileReference; lastKnownFileType = text.plist.xml; path = Info.plist; sourceTree = "<group>"; };
/* End PBXFileReference section */

/* Begin PBXFrameworksBuildPhase section */
		84143FEF1FE16DCD00C25A1B /* Frameworks */ = {
			isa = PBXFrameworksBuildPhase;
			buildActionMask = 2147483647;
			files = (
			);
			runOnlyForDeploymentPostprocessing = 0;
		};
/* End PBXFrameworksBuildPhase section */

/* Begin PBXGroup section */
		84143FE91FE16DCD00C25A1B = {
			isa = PBXGroup;
			children = (
				84143FF41FE16DCD00C25A1B /* ChristmasPhotoBooth */,
				84143FF31FE16DCD00C25A1B /* Products */,
			);
			sourceTree = "<group>";
		};
		84143FF31FE16DCD00C25A1B /* Products */ = {
			isa = PBXGroup;
			children = (
				84143FF21FE16DCD00C25A1B /* ChristmasPhotoBooth.app */,
			);
			name = Products;
			sourceTree = "<group>";
		};
		84143FF41FE16DCD00C25A1B /* ChristmasPhotoBooth */ = {
			isa = PBXGroup;
			children = (
				84143FF51FE16DCD00C25A1B /* AppDelegate.swift */,
				84143FF71FE16DCD00C25A1B /* ViewController.swift */,
				84143FF91FE16DCD00C25A1B /* Main.storyboard */,
				84143FFC1FE16DCD00C25A1B /* Assets.xcassets */,
				84143FFE1FE16DCD00C25A1B /* LaunchScreen.storyboard */,
				841440011FE16DCD00C25A1B /* Info.plist */,
			);
			path = ChristmasPhotoBooth;
			sourceTree = "<group>";
		};
/* End PBXGroup section */

/* Begin PBXNativeTarget section */
		84143FF11FE16DCD00C25A1B /* ChristmasPhotoBooth */ = {
			isa = PBXNativeTarget;
			buildConfigurationList = 841440041FE16DCD00C25A1B /* Build configuration list for PBXNativeTarget "ChristmasPhotoBooth" */;
			buildPhases = (
				84143FEE1FE16DCD00C25A1B /* Sources */,
				84143FEF1FE16DCD00C25A1B /* Frameworks */,
				84143FF01FE16DCD00C25A1B /* Resources */,
			);
			buildRules = (
			);
			dependencies = (
			);
			name = ChristmasPhotoBooth;
			productName = ChristmasPhotoBooth;
			productReference = 84143FF21FE16DCD00C25A1B /* ChristmasPhotoBooth.app */;
			productType = "com.apple.product-type.application";
		};
/* End PBXNativeTarget section */

/* Begin PBXProject section */
		84143FEA1FE16DCD00C25A1B /* Project object */ = {
			isa = PBXProject;
			attributes = {
				LastSwiftUpdateCheck = 0920;
				LastUpgradeCheck = 0920;
				ORGANIZATIONNAME = TillerSystems;
				TargetAttributes = {
					84143FF11FE16DCD00C25A1B = {
						CreatedOnToolsVersion = 9.2;
						ProvisioningStyle = Automatic;
					};
				};
			};
			buildConfigurationList = 84143FED1FE16DCD00C25A1B /* Build configuration list for PBXProject "ChristmasPhotoBooth" */;
			compatibilityVersion = "Xcode 8.0";
			developmentRegion = en;
			hasScannedForEncodings = 0;
			knownRegions = (
				en,
				Base,
			);
			mainGroup = 84143FE91FE16DCD00C25A1B;
			productRefGroup = 84143FF31FE16DCD00C25A1B /* Products */;
			projectDirPath = "";
			projectRoot = "";
			targets = (
				84143FF11FE16DCD00C25A1B /* ChristmasPhotoBooth */,
			);
		};
/* End PBXProject section */

/* Begin PBXResourcesBuildPhase section */
		84143FF01FE16DCD00C25A1B /* Resources */ = {
			isa = PBXResourcesBuildPhase;
			buildActionMask = 2147483647;
			files = (
				841440001FE16DCD00C25A1B /* LaunchScreen.storyboard in Resources */,
				84143FFD1FE16DCD00C25A1B /* Assets.xcassets in Resources */,
				84143FFB1FE16DCD00C25A1B /* Main.storyboard in Resources */,
			);
			runOnlyForDeploymentPostprocessing = 0;
		};
/* End PBXResourcesBuildPhase section */

/* Begin PBXSourcesBuildPhase section */
		84143FEE1FE16DCD00C25A1B /* Sources */ = {
			isa = PBXSourcesBuildPhase;
			buildActionMask = 2147483647;
			files = (
				84143FF81FE16DCD00C25A1B /* ViewController.swift in Sources */,
				84143FF61FE16DCD00C25A1B /* AppDelegate.swift in Sources */,
			);
			runOnlyForDeploymentPostprocessing = 0;
		};
/* End PBXSourcesBuildPhase section */

/* Begin PBXVariantGroup section */
		84143FF91FE16DCD00C25A1B /* Main.storyboard */ = {
			isa = PBXVariantGroup;
			children = (
				84143FFA1FE16DCD00C25A1B /* Base */,
			);
			name = Main.storyboard;
			sourceTree = "<group>";
		};
		84143FFE1FE16DCD00C25A1B /* LaunchScreen.storyboard */ = {
			isa = PBXVariantGroup;
			children = (
				84143FFF1FE16DCD00C25A1B /* Base */,
			);
			name = LaunchScreen.storyboard;
			sourceTree = "<group>";
		};
/* End PBXVariantGroup section */

/* Begin XCBuildConfiguration section */
		841440021FE16DCD00C25A1B /* Debug */ = {
			isa = XCBuildConfiguration;
			buildSettings = {
				ALWAYS_SEARCH_USER_PATHS = NO;
				CLANG_ANALYZER_NONNULL = YES;
				CLANG_ANALYZER_NUMBER_OBJECT_CONVERSION = YES_AGGRESSIVE;
				CLANG_CXX_LANGUAGE_STANDARD = "gnu++14";
				CLANG_CXX_LIBRARY = "libc++";
				CLANG_ENABLE_MODULES = YES;
				CLANG_ENABLE_OBJC_ARC = YES;
				CLANG_WARN_BLOCK_CAPTURE_AUTORELEASING = YES;
				CLANG_WARN_BOOL_CONVERSION = YES;
				CLANG_WARN_COMMA = YES;
				CLANG_WARN_CONSTANT_CONVERSION = YES;
				CLANG_WARN_DIRECT_OBJC_ISA_USAGE = YES_ERROR;
				CLANG_WARN_DOCUMENTATION_COMMENTS = YES;
				CLANG_WARN_EMPTY_BODY = YES;
				CLANG_WARN_ENUM_CONVERSION = YES;
				CLANG_WARN_INFINITE_RECURSION = YES;
				CLANG_WARN_INT_CONVERSION = YES;
				CLANG_WARN_NON_LITERAL_NULL_CONVERSION = YES;
				CLANG_WARN_OBJC_LITERAL_CONVERSION = YES;
				CLANG_WARN_OBJC_ROOT_CLASS = YES_ERROR;
				CLANG_WARN_RANGE_LOOP_ANALYSIS = YES;
				CLANG_WARN_STRICT_PROTOTYPES = YES;
				CLANG_WARN_SUSPICIOUS_MOVE = YES;
				CLANG_WARN_UNGUARDED_AVAILABILITY = YES_AGGRESSIVE;
				CLANG_WARN_UNREACHABLE_CODE = YES;
				CLANG_WARN__DUPLICATE_METHOD_MATCH = YES;
				CODE_SIGN_IDENTITY = "iPhone Developer";
				COPY_PHASE_STRIP = NO;
				DEBUG_INFORMATION_FORMAT = dwarf;
				ENABLE_STRICT_OBJC_MSGSEND = YES;
				ENABLE_TESTABILITY = YES;
				GCC_C_LANGUAGE_STANDARD = gnu11;
				GCC_DYNAMIC_NO_PIC = NO;
				GCC_NO_COMMON_BLOCKS = YES;
				GCC_OPTIMIZATION_LEVEL = 0;
				GCC_PREPROCESSOR_DEFINITIONS = (
					"DEBUG=1",
					"$(inherited)",
				);
				GCC_WARN_64_TO_32_BIT_CONVERSION = YES;
				GCC_WARN_ABOUT_RETURN_TYPE = YES_ERROR;
				GCC_WARN_UNDECLARED_SELECTOR = YES;
				GCC_WARN_UNINITIALIZED_AUTOS = YES_AGGRESSIVE;
				GCC_WARN_UNUSED_FUNCTION = YES;
				GCC_WARN_UNUSED_VARIABLE = YES;
				IPHONEOS_DEPLOYMENT_TARGET = 11.2;
				MTL_ENABLE_DEBUG_INFO = YES;
				ONLY_ACTIVE_ARCH = YES;
				SDKROOT = iphoneos;
				SWIFT_ACTIVE_COMPILATION_CONDITIONS = DEBUG;
				SWIFT_OPTIMIZATION_LEVEL = "-Onone";
			};
			name = Debug;
		};
		841440031FE16DCD00C25A1B /* Release */ = {
			isa = XCBuildConfiguration;
			buildSettings = {
				ALWAYS_SEARCH_USER_PATHS = NO;
				CLANG_ANALYZER_NONNULL = YES;
				CLANG_ANALYZER_NUMBER_OBJECT_CONVERSION = YES_AGGRESSIVE;
				CLANG_CXX_LANGUAGE_STANDARD = "gnu++14";
				CLANG_CXX_LIBRARY = "libc++";
				CLANG_ENABLE_MODULES = YES;
				CLANG_ENABLE_OBJC_ARC = YES;
				CLANG_WARN_BLOCK_CAPTURE_AUTORELEASING = YES;
				CLANG_WARN_BOOL_CONVERSION = YES;
				CLANG_WARN_COMMA = YES;
				CLANG_WARN_CONSTANT_CONVERSION = YES;
				CLANG_WARN_DIRECT_OBJC_ISA_USAGE = YES_ERROR;
				CLANG_WARN_DOCUMENTATION_COMMENTS = YES;
				CLANG_WARN_EMPTY_BODY = YES;
				CLANG_WARN_ENUM_CONVERSION = YES;
				CLANG_WARN_INFINITE_RECURSION = YES;
				CLANG_WARN_INT_CONVERSION = YES;
				CLANG_WARN_NON_LITERAL_NULL_CONVERSION = YES;
				CLANG_WARN_OBJC_LITERAL_CONVERSION = YES;
				CLANG_WARN_OBJC_ROOT_CLASS = YES_ERROR;
				CLANG_WARN_RANGE_LOOP_ANALYSIS = YES;
				CLANG_WARN_STRICT_PROTOTYPES = YES;
				CLANG_WARN_SUSPICIOUS_MOVE = YES;
				CLANG_WARN_UNGUARDED_AVAILABILITY = YES_AGGRESSIVE;
				CLANG_WARN_UNREACHABLE_CODE = YES;
				CLANG_WARN__DUPLICATE_METHOD_MATCH = YES;
				CODE_SIGN_IDENTITY = "iPhone Developer";
				COPY_PHASE_STRIP = NO;
				DEBUG_INFORMATION_FORMAT = "dwarf-with-dsym";
				ENABLE_NS_ASSERTIONS = NO;
				ENABLE_STRICT_OBJC_MSGSEND = YES;
				GCC_C_LANGUAGE_STANDARD = gnu11;
				GCC_NO_COMMON_BLOCKS = YES;
				GCC_WARN_64_TO_32_BIT_CONVERSION = YES;
				GCC_WARN_ABOUT_RETURN_TYPE = YES_ERROR;
				GCC_WARN_UNDECLARED_SELECTOR = YES;
				GCC_WARN_UNINITIALIZED_AUTOS = YES_AGGRESSIVE;
				GCC_WARN_UNUSED_FUNCTION = YES;
				GCC_WARN_UNUSED_VARIABLE = YES;
				IPHONEOS_DEPLOYMENT_TARGET = 11.2;
				MTL_ENABLE_DEBUG_INFO = NO;
				SDKROOT = iphoneos;
				SWIFT_OPTIMIZATION_LEVEL = "-Owholemodule";
				VALIDATE_PRODUCT = YES;
			};
			name = Release;
		};
		841440051FE16DCD00C25A1B /* Debug */ = {
			isa = XCBuildConfiguration;
			buildSettings = {
				ASSETCATALOG_COMPILER_APPICON_NAME = AppIcon;
				CODE_SIGN_STYLE = Automatic;
				DEVELOPMENT_TEAM = XLBCZKVWTJ;
				INFOPLIST_FILE = ChristmasPhotoBooth/Info.plist;
				LD_RUNPATH_SEARCH_PATHS = "$(inherited) @executable_path/Frameworks";
				PRODUCT_BUNDLE_IDENTIFIER = com.tiller.ChristmasPhotoBooth;
				PRODUCT_NAME = "$(TARGET_NAME)";
				SWIFT_VERSION = 4.0;
				TARGETED_DEVICE_FAMILY = "1,2";
			};
			name = Debug;
		};
		841440061FE16DCD00C25A1B /* Release */ = {
			isa = XCBuildConfiguration;
			buildSettings = {
				ASSETCATALOG_COMPILER_APPICON_NAME = AppIcon;
				CODE_SIGN_STYLE = Automatic;
				DEVELOPMENT_TEAM = XLBCZKVWTJ;
				INFOPLIST_FILE = ChristmasPhotoBooth/Info.plist;
				LD_RUNPATH_SEARCH_PATHS = "$(inherited) @executable_path/Frameworks";
				PRODUCT_BUNDLE_IDENTIFIER = com.tiller.ChristmasPhotoBooth;
				PRODUCT_NAME = "$(TARGET_NAME)";
				SWIFT_VERSION = 4.0;
				TARGETED_DEVICE_FAMILY = "1,2";
			};
			name = Release;
		};
/* End XCBuildConfiguration section */

/* Begin XCConfigurationList section */
		84143FED1FE16DCD00C25A1B /* Build configuration list for PBXProject "ChristmasPhotoBooth" */ = {
			isa = XCConfigurationList;
			buildConfigurations = (
				841440021FE16DCD00C25A1B /* Debug */,
				841440031FE16DCD00C25A1B /* Release */,
			);
			defaultConfigurationIsVisible = 0;
			defaultConfigurationName = Release;
		};
		841440041FE16DCD00C25A1B /* Build configuration list for PBXNativeTarget "ChristmasPhotoBooth" */ = {
			isa = XCConfigurationList;
			buildConfigurations = (
				841440051FE16DCD00C25A1B /* Debug */,
				841440061FE16DCD00C25A1B /* Release */,
			);
			defaultConfigurationIsVisible = 0;
			defaultConfigurationName = Release;
		};
/* End XCConfigurationList section */
	};
	rootObject = 84143FEA1FE16DCD00C25A1B /* Project object */;
}
